// !$*UTF8*$!
{
	archiveVersion = 1;
	classes = {
	};
	objectVersion = 50;
	objects = {

/* Begin PBXBuildFile section */
		4A049BEB23D58B350040A18F /* ExampleSwiftLib.h in Headers */ = {isa = PBXBuildFile; fileRef = 4A049BE923D58B350040A18F /* ExampleSwiftLib.h */; settings = {ATTRIBUTES = (Public, ); }; };
		4A049C0723D58C0D0040A18F /* AppDelegate.swift in Sources */ = {isa = PBXBuildFile; fileRef = 4A049C0623D58C0D0040A18F /* AppDelegate.swift */; };
		4A049C0923D58C0D0040A18F /* SceneDelegate.swift in Sources */ = {isa = PBXBuildFile; fileRef = 4A049C0823D58C0D0040A18F /* SceneDelegate.swift */; };
		4A049C0B23D58C0D0040A18F /* ViewController.swift in Sources */ = {isa = PBXBuildFile; fileRef = 4A049C0A23D58C0D0040A18F /* ViewController.swift */; };
		4A049C0E23D58C0D0040A18F /* Main.storyboard in Resources */ = {isa = PBXBuildFile; fileRef = 4A049C0C23D58C0D0040A18F /* Main.storyboard */; };
		4A049C1023D58C110040A18F /* Assets.xcassets in Resources */ = {isa = PBXBuildFile; fileRef = 4A049C0F23D58C110040A18F /* Assets.xcassets */; };
		4A049C1323D58C110040A18F /* LaunchScreen.storyboard in Resources */ = {isa = PBXBuildFile; fileRef = 4A049C1123D58C110040A18F /* LaunchScreen.storyboard */; };
		4A049C1A23D58D190040A18F /* MathLib.swift in Sources */ = {isa = PBXBuildFile; fileRef = 4A049C1923D58D190040A18F /* MathLib.swift */; };
		4A049C2423D5944A0040A18F /* ExampleSwiftLibTests.swift in Sources */ = {isa = PBXBuildFile; fileRef = 4A049C2323D5944A0040A18F /* ExampleSwiftLibTests.swift */; };
		4A049C2623D5944A0040A18F /* ExampleSwiftLib.framework in Frameworks */ = {isa = PBXBuildFile; fileRef = 4A049BE623D58B350040A18F /* ExampleSwiftLib.framework */; };
/* End PBXBuildFile section */

/* Begin PBXContainerItemProxy section */
		4A049C2723D5944A0040A18F /* PBXContainerItemProxy */ = {
			isa = PBXContainerItemProxy;
			containerPortal = 4A049BDD23D58B350040A18F /* Project object */;
			proxyType = 1;
			remoteGlobalIDString = 4A049BE523D58B350040A18F;
			remoteInfo = ExampleSwiftLib;
		};
/* End PBXContainerItemProxy section */

/* Begin PBXFileReference section */
		4A049BE623D58B350040A18F /* ExampleSwiftLib.framework */ = {isa = PBXFileReference; explicitFileType = wrapper.framework; includeInIndex = 0; path = ExampleSwiftLib.framework; sourceTree = BUILT_PRODUCTS_DIR; };
		4A049BE923D58B350040A18F /* ExampleSwiftLib.h */ = {isa = PBXFileReference; lastKnownFileType = sourcecode.c.h; path = ExampleSwiftLib.h; sourceTree = "<group>"; };
		4A049BEA23D58B350040A18F /* Info.plist */ = {isa = PBXFileReference; lastKnownFileType = text.plist.xml; path = Info.plist; sourceTree = "<group>"; };
		4A049C0423D58C0D0040A18F /* ExampleSwiftLibApp.app */ = {isa = PBXFileReference; explicitFileType = wrapper.application; includeInIndex = 0; path = ExampleSwiftLibApp.app; sourceTree = BUILT_PRODUCTS_DIR; };
		4A049C0623D58C0D0040A18F /* AppDelegate.swift */ = {isa = PBXFileReference; lastKnownFileType = sourcecode.swift; path = AppDelegate.swift; sourceTree = "<group>"; };
		4A049C0823D58C0D0040A18F /* SceneDelegate.swift */ = {isa = PBXFileReference; lastKnownFileType = sourcecode.swift; path = SceneDelegate.swift; sourceTree = "<group>"; };
		4A049C0A23D58C0D0040A18F /* ViewController.swift */ = {isa = PBXFileReference; lastKnownFileType = sourcecode.swift; path = ViewController.swift; sourceTree = "<group>"; };
		4A049C0D23D58C0D0040A18F /* Base */ = {isa = PBXFileReference; lastKnownFileType = file.storyboard; name = Base; path = Base.lproj/Main.storyboard; sourceTree = "<group>"; };
		4A049C0F23D58C110040A18F /* Assets.xcassets */ = {isa = PBXFileReference; lastKnownFileType = folder.assetcatalog; path = Assets.xcassets; sourceTree = "<group>"; };
		4A049C1223D58C110040A18F /* Base */ = {isa = PBXFileReference; lastKnownFileType = file.storyboard; name = Base; path = Base.lproj/LaunchScreen.storyboard; sourceTree = "<group>"; };
		4A049C1423D58C110040A18F /* Info.plist */ = {isa = PBXFileReference; lastKnownFileType = text.plist.xml; path = Info.plist; sourceTree = "<group>"; };
		4A049C1923D58D190040A18F /* MathLib.swift */ = {isa = PBXFileReference; lastKnownFileType = sourcecode.swift; path = MathLib.swift; sourceTree = "<group>"; };
		4A049C2123D5944A0040A18F /* ExampleSwiftLibTests.xctest */ = {isa = PBXFileReference; explicitFileType = wrapper.cfbundle; includeInIndex = 0; path = ExampleSwiftLibTests.xctest; sourceTree = BUILT_PRODUCTS_DIR; };
		4A049C2323D5944A0040A18F /* ExampleSwiftLibTests.swift */ = {isa = PBXFileReference; lastKnownFileType = sourcecode.swift; path = ExampleSwiftLibTests.swift; sourceTree = "<group>"; };
		4A049C2523D5944A0040A18F /* Info.plist */ = {isa = PBXFileReference; lastKnownFileType = text.plist.xml; path = Info.plist; sourceTree = "<group>"; };
/* End PBXFileReference section */

/* Begin PBXFrameworksBuildPhase section */
		4A049BE323D58B350040A18F /* Frameworks */ = {
			isa = PBXFrameworksBuildPhase;
			buildActionMask = 2147483647;
			files = (
			);
			runOnlyForDeploymentPostprocessing = 0;
		};
		4A049C0123D58C0D0040A18F /* Frameworks */ = {
			isa = PBXFrameworksBuildPhase;
			buildActionMask = 2147483647;
			files = (
			);
			runOnlyForDeploymentPostprocessing = 0;
		};
		4A049C1E23D5944A0040A18F /* Frameworks */ = {
			isa = PBXFrameworksBuildPhase;
			buildActionMask = 2147483647;
			files = (
				4A049C2623D5944A0040A18F /* ExampleSwiftLib.framework in Frameworks */,
			);
			runOnlyForDeploymentPostprocessing = 0;
		};
/* End PBXFrameworksBuildPhase section */

/* Begin PBXGroup section */
		4A049BDC23D58B350040A18F = {
			isa = PBXGroup;
			children = (
				4A049BE823D58B350040A18F /* ExampleSwiftLib */,
				4A049C0523D58C0D0040A18F /* ExampleSwiftLibApp */,
				4A049C2223D5944A0040A18F /* ExampleSwiftLibTests */,
				4A049BE723D58B350040A18F /* Products */,
			);
			sourceTree = "<group>";
		};
		4A049BE723D58B350040A18F /* Products */ = {
			isa = PBXGroup;
			children = (
				4A049BE623D58B350040A18F /* ExampleSwiftLib.framework */,
				4A049C0423D58C0D0040A18F /* ExampleSwiftLibApp.app */,
				4A049C2123D5944A0040A18F /* ExampleSwiftLibTests.xctest */,
			);
			name = Products;
			sourceTree = "<group>";
		};
		4A049BE823D58B350040A18F /* ExampleSwiftLib */ = {
			isa = PBXGroup;
			children = (
				4A049C1823D58CF20040A18F /* Classes */,
				4A049BE923D58B350040A18F /* ExampleSwiftLib.h */,
				4A049BEA23D58B350040A18F /* Info.plist */,
			);
			path = ExampleSwiftLib;
			sourceTree = "<group>";
		};
		4A049C0523D58C0D0040A18F /* ExampleSwiftLibApp */ = {
			isa = PBXGroup;
			children = (
				4A049C0623D58C0D0040A18F /* AppDelegate.swift */,
				4A049C0823D58C0D0040A18F /* SceneDelegate.swift */,
				4A049C0A23D58C0D0040A18F /* ViewController.swift */,
				4A049C0C23D58C0D0040A18F /* Main.storyboard */,
				4A049C0F23D58C110040A18F /* Assets.xcassets */,
				4A049C1123D58C110040A18F /* LaunchScreen.storyboard */,
				4A049C1423D58C110040A18F /* Info.plist */,
			);
			path = ExampleSwiftLibApp;
			sourceTree = "<group>";
		};
		4A049C1823D58CF20040A18F /* Classes */ = {
			isa = PBXGroup;
			children = (
				4A049C1923D58D190040A18F /* MathLib.swift */,
			);
			path = Classes;
			sourceTree = "<group>";
		};
		4A049C2223D5944A0040A18F /* ExampleSwiftLibTests */ = {
			isa = PBXGroup;
			children = (
				4A049C2323D5944A0040A18F /* ExampleSwiftLibTests.swift */,
				4A049C2523D5944A0040A18F /* Info.plist */,
			);
			path = ExampleSwiftLibTests;
			sourceTree = "<group>";
		};
/* End PBXGroup section */

/* Begin PBXHeadersBuildPhase section */
		4A049BE123D58B350040A18F /* Headers */ = {
			isa = PBXHeadersBuildPhase;
			buildActionMask = 2147483647;
			files = (
				4A049BEB23D58B350040A18F /* ExampleSwiftLib.h in Headers */,
			);
			runOnlyForDeploymentPostprocessing = 0;
		};
/* End PBXHeadersBuildPhase section */

/* Begin PBXNativeTarget section */
		4A049BE523D58B350040A18F /* ExampleSwiftLib */ = {
			isa = PBXNativeTarget;
			buildConfigurationList = 4A049BEE23D58B350040A18F /* Build configuration list for PBXNativeTarget "ExampleSwiftLib" */;
			buildPhases = (
				4A049BE123D58B350040A18F /* Headers */,
				4A049BE223D58B350040A18F /* Sources */,
				4A049BE323D58B350040A18F /* Frameworks */,
				4A049BE423D58B350040A18F /* Resources */,
			);
			buildRules = (
			);
			dependencies = (
			);
			name = ExampleSwiftLib;
			productName = ExampleSwiftLib;
			productReference = 4A049BE623D58B350040A18F /* ExampleSwiftLib.framework */;
			productType = "com.apple.product-type.framework";
		};
		4A049C0323D58C0D0040A18F /* ExampleSwiftLibApp */ = {
			isa = PBXNativeTarget;
			buildConfigurationList = 4A049C1523D58C110040A18F /* Build configuration list for PBXNativeTarget "ExampleSwiftLibApp" */;
			buildPhases = (
				4A049C0023D58C0D0040A18F /* Sources */,
				4A049C0123D58C0D0040A18F /* Frameworks */,
				4A049C0223D58C0D0040A18F /* Resources */,
			);
			buildRules = (
			);
			dependencies = (
			);
			name = ExampleSwiftLibApp;
			productName = ExampleSwiftLibApp;
			productReference = 4A049C0423D58C0D0040A18F /* ExampleSwiftLibApp.app */;
			productType = "com.apple.product-type.application";
		};
		4A049C2023D5944A0040A18F /* ExampleSwiftLibTests */ = {
			isa = PBXNativeTarget;
			buildConfigurationList = 4A049C2923D5944A0040A18F /* Build configuration list for PBXNativeTarget "ExampleSwiftLibTests" */;
			buildPhases = (
				4A049C1D23D5944A0040A18F /* Sources */,
				4A049C1E23D5944A0040A18F /* Frameworks */,
				4A049C1F23D5944A0040A18F /* Resources */,
			);
			buildRules = (
			);
			dependencies = (
				4A049C2823D5944A0040A18F /* PBXTargetDependency */,
			);
			name = ExampleSwiftLibTests;
			productName = ExampleSwiftLibTests;
			productReference = 4A049C2123D5944A0040A18F /* ExampleSwiftLibTests.xctest */;
			productType = "com.apple.product-type.bundle.unit-test";
		};
/* End PBXNativeTarget section */

/* Begin PBXProject section */
		4A049BDD23D58B350040A18F /* Project object */ = {
			isa = PBXProject;
			attributes = {
				DefaultBuildSystemTypeForWorkspace = Original;
				LastSwiftUpdateCheck = 1120;
				LastUpgradeCheck = 1120;
				ORGANIZATIONNAME = "topik mujianto";
				TargetAttributes = {
					4A049BE523D58B350040A18F = {
						CreatedOnToolsVersion = 11.2.1;
						LastSwiftMigration = 1120;
					};
					4A049C0323D58C0D0040A18F = {
						CreatedOnToolsVersion = 11.2.1;
					};
					4A049C2023D5944A0040A18F = {
						CreatedOnToolsVersion = 11.2.1;
					};
				};
			};
			buildConfigurationList = 4A049BE023D58B350040A18F /* Build configuration list for PBXProject "ExampleSwiftLib" */;
			compatibilityVersion = "Xcode 9.3";
			developmentRegion = en;
			hasScannedForEncodings = 0;
			knownRegions = (
				en,
				Base,
			);
			mainGroup = 4A049BDC23D58B350040A18F;
			productRefGroup = 4A049BE723D58B350040A18F /* Products */;
			projectDirPath = "";
			projectRoot = "";
			targets = (
				4A049BE523D58B350040A18F /* ExampleSwiftLib */,
				4A049C0323D58C0D0040A18F /* ExampleSwiftLibApp */,
				4A049C2023D5944A0040A18F /* ExampleSwiftLibTests */,
			);
		};
/* End PBXProject section */

/* Begin PBXResourcesBuildPhase section */
		4A049BE423D58B350040A18F /* Resources */ = {
			isa = PBXResourcesBuildPhase;
			buildActionMask = 2147483647;
			files = (
			);
			runOnlyForDeploymentPostprocessing = 0;
		};
		4A049C0223D58C0D0040A18F /* Resources */ = {
			isa = PBXResourcesBuildPhase;
			buildActionMask = 2147483647;
			files = (
				4A049C1323D58C110040A18F /* LaunchScreen.storyboard in Resources */,
				4A049C1023D58C110040A18F /* Assets.xcassets in Resources */,
				4A049C0E23D58C0D0040A18F /* Main.storyboard in Resources */,
			);
			runOnlyForDeploymentPostprocessing = 0;
		};
		4A049C1F23D5944A0040A18F /* Resources */ = {
			isa = PBXResourcesBuildPhase;
			buildActionMask = 2147483647;
			files = (
			);
			runOnlyForDeploymentPostprocessing = 0;
		};
/* End PBXResourcesBuildPhase section */

/* Begin PBXSourcesBuildPhase section */
		4A049BE223D58B350040A18F /* Sources */ = {
			isa = PBXSourcesBuildPhase;
			buildActionMask = 2147483647;
			files = (
				4A049C1A23D58D190040A18F /* MathLib.swift in Sources */,
			);
			runOnlyForDeploymentPostprocessing = 0;
		};
		4A049C0023D58C0D0040A18F /* Sources */ = {
			isa = PBXSourcesBuildPhase;
			buildActionMask = 2147483647;
			files = (
				4A049C0B23D58C0D0040A18F /* ViewController.swift in Sources */,
				4A049C0723D58C0D0040A18F /* AppDelegate.swift in Sources */,
				4A049C0923D58C0D0040A18F /* SceneDelegate.swift in Sources */,
			);
			runOnlyForDeploymentPostprocessing = 0;
		};
		4A049C1D23D5944A0040A18F /* Sources */ = {
			isa = PBXSourcesBuildPhase;
			buildActionMask = 2147483647;
			files = (
				4A049C2423D5944A0040A18F /* ExampleSwiftLibTests.swift in Sources */,
			);
			runOnlyForDeploymentPostprocessing = 0;
		};
/* End PBXSourcesBuildPhase section */

/* Begin PBXTargetDependency section */
		4A049C2823D5944A0040A18F /* PBXTargetDependency */ = {
			isa = PBXTargetDependency;
			target = 4A049BE523D58B350040A18F /* ExampleSwiftLib */;
			targetProxy = 4A049C2723D5944A0040A18F /* PBXContainerItemProxy */;
		};
/* End PBXTargetDependency section */

/* Begin PBXVariantGroup section */
		4A049C0C23D58C0D0040A18F /* Main.storyboard */ = {
			isa = PBXVariantGroup;
			children = (
				4A049C0D23D58C0D0040A18F /* Base */,
			);
			name = Main.storyboard;
			sourceTree = "<group>";
		};
		4A049C1123D58C110040A18F /* LaunchScreen.storyboard */ = {
			isa = PBXVariantGroup;
			children = (
				4A049C1223D58C110040A18F /* Base */,
			);
			name = LaunchScreen.storyboard;
			sourceTree = "<group>";
		};
/* End PBXVariantGroup section */

/* Begin XCBuildConfiguration section */
		4A049BEC23D58B350040A18F /* Debug */ = {
			isa = XCBuildConfiguration;
			buildSettings = {
				ALWAYS_SEARCH_USER_PATHS = NO;
				CLANG_ANALYZER_NONNULL = YES;
				CLANG_ANALYZER_NUMBER_OBJECT_CONVERSION = YES_AGGRESSIVE;
				CLANG_CXX_LANGUAGE_STANDARD = "gnu++14";
				CLANG_CXX_LIBRARY = "libc++";
				CLANG_ENABLE_MODULES = YES;
				CLANG_ENABLE_OBJC_ARC = YES;
				CLANG_ENABLE_OBJC_WEAK = YES;
				CLANG_WARN_BLOCK_CAPTURE_AUTORELEASING = YES;
				CLANG_WARN_BOOL_CONVERSION = YES;
				CLANG_WARN_COMMA = YES;
				CLANG_WARN_CONSTANT_CONVERSION = YES;
				CLANG_WARN_DEPRECATED_OBJC_IMPLEMENTATIONS = YES;
				CLANG_WARN_DIRECT_OBJC_ISA_USAGE = YES_ERROR;
				CLANG_WARN_DOCUMENTATION_COMMENTS = YES;
				CLANG_WARN_EMPTY_BODY = YES;
				CLANG_WARN_ENUM_CONVERSION = YES;
				CLANG_WARN_INFINITE_RECURSION = YES;
				CLANG_WARN_INT_CONVERSION = YES;
				CLANG_WARN_NON_LITERAL_NULL_CONVERSION = YES;
				CLANG_WARN_OBJC_IMPLICIT_RETAIN_SELF = YES;
				CLANG_WARN_OBJC_LITERAL_CONVERSION = YES;
				CLANG_WARN_OBJC_ROOT_CLASS = YES_ERROR;
				CLANG_WARN_RANGE_LOOP_ANALYSIS = YES;
				CLANG_WARN_STRICT_PROTOTYPES = YES;
				CLANG_WARN_SUSPICIOUS_MOVE = YES;
				CLANG_WARN_UNGUARDED_AVAILABILITY = YES_AGGRESSIVE;
				CLANG_WARN_UNREACHABLE_CODE = YES;
				CLANG_WARN__DUPLICATE_METHOD_MATCH = YES;
				COPY_PHASE_STRIP = NO;
				CURRENT_PROJECT_VERSION = 1;
				DEBUG_INFORMATION_FORMAT = dwarf;
				ENABLE_STRICT_OBJC_MSGSEND = YES;
				ENABLE_TESTABILITY = YES;
				GCC_C_LANGUAGE_STANDARD = gnu11;
				GCC_DYNAMIC_NO_PIC = NO;
				GCC_NO_COMMON_BLOCKS = YES;
				GCC_OPTIMIZATION_LEVEL = 0;
				GCC_PREPROCESSOR_DEFINITIONS = (
					"DEBUG=1",
					"$(inherited)",
				);
				GCC_WARN_64_TO_32_BIT_CONVERSION = YES;
				GCC_WARN_ABOUT_RETURN_TYPE = YES_ERROR;
				GCC_WARN_UNDECLARED_SELECTOR = YES;
				GCC_WARN_UNINITIALIZED_AUTOS = YES_AGGRESSIVE;
				GCC_WARN_UNUSED_FUNCTION = YES;
				GCC_WARN_UNUSED_VARIABLE = YES;
				IPHONEOS_DEPLOYMENT_TARGET = 13.2;
				MTL_ENABLE_DEBUG_INFO = INCLUDE_SOURCE;
				MTL_FAST_MATH = YES;
				ONLY_ACTIVE_ARCH = YES;
				SDKROOT = iphoneos;
				SWIFT_ACTIVE_COMPILATION_CONDITIONS = DEBUG;
				SWIFT_OPTIMIZATION_LEVEL = "-Onone";
				VERSIONING_SYSTEM = "apple-generic";
				VERSION_INFO_PREFIX = "";
			};
			name = Debug;
		};
		4A049BED23D58B350040A18F /* Release */ = {
			isa = XCBuildConfiguration;
			buildSettings = {
				ALWAYS_SEARCH_USER_PATHS = NO;
				CLANG_ANALYZER_NONNULL = YES;
				CLANG_ANALYZER_NUMBER_OBJECT_CONVERSION = YES_AGGRESSIVE;
				CLANG_CXX_LANGUAGE_STANDARD = "gnu++14";
				CLANG_CXX_LIBRARY = "libc++";
				CLANG_ENABLE_MODULES = YES;
				CLANG_ENABLE_OBJC_ARC = YES;
				CLANG_ENABLE_OBJC_WEAK = YES;
				CLANG_WARN_BLOCK_CAPTURE_AUTORELEASING = YES;
				CLANG_WARN_BOOL_CONVERSION = YES;
				CLANG_WARN_COMMA = YES;
				CLANG_WARN_CONSTANT_CONVERSION = YES;
				CLANG_WARN_DEPRECATED_OBJC_IMPLEMENTATIONS = YES;
				CLANG_WARN_DIRECT_OBJC_ISA_USAGE = YES_ERROR;
				CLANG_WARN_DOCUMENTATION_COMMENTS = YES;
				CLANG_WARN_EMPTY_BODY = YES;
				CLANG_WARN_ENUM_CONVERSION = YES;
				CLANG_WARN_INFINITE_RECURSION = YES;
				CLANG_WARN_INT_CONVERSION = YES;
				CLANG_WARN_NON_LITERAL_NULL_CONVERSION = YES;
				CLANG_WARN_OBJC_IMPLICIT_RETAIN_SELF = YES;
				CLANG_WARN_OBJC_LITERAL_CONVERSION = YES;
				CLANG_WARN_OBJC_ROOT_CLASS = YES_ERROR;
				CLANG_WARN_RANGE_LOOP_ANALYSIS = YES;
				CLANG_WARN_STRICT_PROTOTYPES = YES;
				CLANG_WARN_SUSPICIOUS_MOVE = YES;
				CLANG_WARN_UNGUARDED_AVAILABILITY = YES_AGGRESSIVE;
				CLANG_WARN_UNREACHABLE_CODE = YES;
				CLANG_WARN__DUPLICATE_METHOD_MATCH = YES;
				COPY_PHASE_STRIP = NO;
				CURRENT_PROJECT_VERSION = 1;
				DEBUG_INFORMATION_FORMAT = "dwarf-with-dsym";
				ENABLE_NS_ASSERTIONS = NO;
				ENABLE_STRICT_OBJC_MSGSEND = YES;
				GCC_C_LANGUAGE_STANDARD = gnu11;
				GCC_NO_COMMON_BLOCKS = YES;
				GCC_WARN_64_TO_32_BIT_CONVERSION = YES;
				GCC_WARN_ABOUT_RETURN_TYPE = YES_ERROR;
				GCC_WARN_UNDECLARED_SELECTOR = YES;
				GCC_WARN_UNINITIALIZED_AUTOS = YES_AGGRESSIVE;
				GCC_WARN_UNUSED_FUNCTION = YES;
				GCC_WARN_UNUSED_VARIABLE = YES;
				IPHONEOS_DEPLOYMENT_TARGET = 13.2;
				MTL_ENABLE_DEBUG_INFO = NO;
				MTL_FAST_MATH = YES;
				SDKROOT = iphoneos;
				SWIFT_COMPILATION_MODE = wholemodule;
				SWIFT_OPTIMIZATION_LEVEL = "-O";
				VALIDATE_PRODUCT = YES;
				VERSIONING_SYSTEM = "apple-generic";
				VERSION_INFO_PREFIX = "";
			};
			name = Release;
		};
		4A049BEF23D58B350040A18F /* Debug */ = {
			isa = XCBuildConfiguration;
			buildSettings = {
				CLANG_ENABLE_MODULES = YES;
				CODE_SIGN_STYLE = Automatic;
				DEFINES_MODULE = YES;
				DYLIB_COMPATIBILITY_VERSION = 1;
				DYLIB_CURRENT_VERSION = 1;
				DYLIB_INSTALL_NAME_BASE = "@rpath";
				INFOPLIST_FILE = ExampleSwiftLib/Info.plist;
				INSTALL_PATH = "$(LOCAL_LIBRARY_DIR)/Frameworks";
				IPHONEOS_DEPLOYMENT_TARGET = 11.0;
				LD_RUNPATH_SEARCH_PATHS = (
					"$(inherited)",
					"@executable_path/Frameworks",
					"@loader_path/Frameworks",
				);
				PRODUCT_BUNDLE_IDENTIFIER = feebe.ExampleSwiftLib;
				PRODUCT_NAME = "$(TARGET_NAME:c99extidentifier)";
				SKIP_INSTALL = YES;
				SWIFT_OPTIMIZATION_LEVEL = "-Onone";
				SWIFT_VERSION = 5.0;
				TARGETED_DEVICE_FAMILY = "1,2";
			};
			name = Debug;
		};
		4A049BF023D58B350040A18F /* Release */ = {
			isa = XCBuildConfiguration;
			buildSettings = {
				CLANG_ENABLE_MODULES = YES;
				CODE_SIGN_STYLE = Automatic;
				DEFINES_MODULE = YES;
				DYLIB_COMPATIBILITY_VERSION = 1;
				DYLIB_CURRENT_VERSION = 1;
				DYLIB_INSTALL_NAME_BASE = "@rpath";
				INFOPLIST_FILE = ExampleSwiftLib/Info.plist;
				INSTALL_PATH = "$(LOCAL_LIBRARY_DIR)/Frameworks";
				IPHONEOS_DEPLOYMENT_TARGET = 11.0;
				LD_RUNPATH_SEARCH_PATHS = (
					"$(inherited)",
					"@executable_path/Frameworks",
					"@loader_path/Frameworks",
				);
				PRODUCT_BUNDLE_IDENTIFIER = feebe.ExampleSwiftLib;
				PRODUCT_NAME = "$(TARGET_NAME:c99extidentifier)";
				SKIP_INSTALL = YES;
				SWIFT_VERSION = 5.0;
				TARGETED_DEVICE_FAMILY = "1,2";
			};
			name = Release;
		};
		4A049C1623D58C110040A18F /* Debug */ = {
			isa = XCBuildConfiguration;
			buildSettings = {
				ASSETCATALOG_COMPILER_APPICON_NAME = AppIcon;
				CODE_SIGN_STYLE = Automatic;
				INFOPLIST_FILE = ExampleSwiftLibApp/Info.plist;
				LD_RUNPATH_SEARCH_PATHS = (
					"$(inherited)",
					"@executable_path/Frameworks",
				);
				PRODUCT_BUNDLE_IDENTIFIER = feebe.ExampleSwiftLibApp;
				PRODUCT_NAME = "$(TARGET_NAME)";
				SWIFT_VERSION = 5.0;
				TARGETED_DEVICE_FAMILY = "1,2";
			};
			name = Debug;
		};
		4A049C1723D58C110040A18F /* Release */ = {
			isa = XCBuildConfiguration;
			buildSettings = {
				ASSETCATALOG_COMPILER_APPICON_NAME = AppIcon;
				CODE_SIGN_STYLE = Automatic;
				INFOPLIST_FILE = ExampleSwiftLibApp/Info.plist;
				LD_RUNPATH_SEARCH_PATHS = (
					"$(inherited)",
					"@executable_path/Frameworks",
				);
				PRODUCT_BUNDLE_IDENTIFIER = feebe.ExampleSwiftLibApp;
				PRODUCT_NAME = "$(TARGET_NAME)";
				SWIFT_VERSION = 5.0;
				TARGETED_DEVICE_FAMILY = "1,2";
			};
			name = Release;
		};
		4A049C2A23D5944A0040A18F /* Debug */ = {
			isa = XCBuildConfiguration;
			buildSettings = {
				CODE_SIGN_STYLE = Automatic;
				INFOPLIST_FILE = ExampleSwiftLibTests/Info.plist;
				LD_RUNPATH_SEARCH_PATHS = (
					"$(inherited)",
					"@executable_path/Frameworks",
					"@loader_path/Frameworks",
				);
				PRODUCT_BUNDLE_IDENTIFIER = feebe.ExampleSwiftLibTests;
				PRODUCT_NAME = "$(TARGET_NAME)";
				SWIFT_VERSION = 5.0;
				TARGETED_DEVICE_FAMILY = "1,2";
			};
			name = Debug;
		};
		4A049C2B23D5944A0040A18F /* Release */ = {
			isa = XCBuildConfiguration;
			buildSettings = {
				CODE_SIGN_STYLE = Automatic;
				INFOPLIST_FILE = ExampleSwiftLibTests/Info.plist;
				LD_RUNPATH_SEARCH_PATHS = (
					"$(inherited)",
					"@executable_path/Frameworks",
					"@loader_path/Frameworks",
				);
				PRODUCT_BUNDLE_IDENTIFIER = feebe.ExampleSwiftLibTests;
				PRODUCT_NAME = "$(TARGET_NAME)";
				SWIFT_VERSION = 5.0;
				TARGETED_DEVICE_FAMILY = "1,2";
			};
			name = Release;
		};
/* End XCBuildConfiguration section */

/* Begin XCConfigurationList section */
		4A049BE023D58B350040A18F /* Build configuration list for PBXProject "ExampleSwiftLib" */ = {
			isa = XCConfigurationList;
			buildConfigurations = (
				4A049BEC23D58B350040A18F /* Debug */,
				4A049BED23D58B350040A18F /* Release */,
			);
			defaultConfigurationIsVisible = 0;
			defaultConfigurationName = Release;
		};
		4A049BEE23D58B350040A18F /* Build configuration list for PBXNativeTarget "ExampleSwiftLib" */ = {
			isa = XCConfigurationList;
			buildConfigurations = (
				4A049BEF23D58B350040A18F /* Debug */,
				4A049BF023D58B350040A18F /* Release */,
			);
			defaultConfigurationIsVisible = 0;
			defaultConfigurationName = Release;
		};
		4A049C1523D58C110040A18F /* Build configuration list for PBXNativeTarget "ExampleSwiftLibApp" */ = {
			isa = XCConfigurationList;
			buildConfigurations = (
				4A049C1623D58C110040A18F /* Debug */,
				4A049C1723D58C110040A18F /* Release */,
			);
			defaultConfigurationIsVisible = 0;
			defaultConfigurationName = Release;
		};
		4A049C2923D5944A0040A18F /* Build configuration list for PBXNativeTarget "ExampleSwiftLibTests" */ = {
			isa = XCConfigurationList;
			buildConfigurations = (
				4A049C2A23D5944A0040A18F /* Debug */,
				4A049C2B23D5944A0040A18F /* Release */,
			);
			defaultConfigurationIsVisible = 0;
			defaultConfigurationName = Release;
		};
/* End XCConfigurationList section */
	};
	rootObject = 4A049BDD23D58B350040A18F /* Project object */;
}
